{
  "name": "ultra-game-map-file-format",
  "version": "2.0.0",
  "lockfileVersion": 2,
  "requires": true,
  "packages": {
    "": {
      "name": "ultra-game-map-file-format",
      "version": "2.0.0",
      "devDependencies": {
        "@types/node": "*",
        "@types/vscode": "^1.51.0",
        "typescript": "^4.9.3"
      },
      "engines": {
        "vscode": "^1.74.0"
      }
    },
    "node_modules/@types/node": {
      "version": "8.10.66",
      "resolved": "https://registry.npmjs.org/@types/node/-/node-8.10.66.tgz",
      "integrity": "sha512-tktOkFUA4kXx2hhhrB8bIFb5TbwzS4uOhKEmwiD+NoiL0qtP2OQ9mFldbgD4dV1djrlBYP6eBuQZiWjuHUpqFw==",
      "dev": true
    },
    "node_modules/@types/vscode": {
      "version": "1.74.0",
      "resolved": "https://registry.npmjs.org/@types/vscode/-/vscode-1.74.0.tgz",
      "integrity": "sha512-LyeCIU3jb9d38w0MXFwta9r0Jx23ugujkAxdwLTNCyspdZTKUc43t7ppPbCiPoQ/Ivd/pnDFZrb4hWd45wrsgA==",
      "dev": true
    },
    "node_modules/typescript": {
      "version": "4.9.4",
      "resolved": "https://registry.npmjs.org/typescript/-/typescript-4.9.4.tgz",
      "integrity": "sha512-Uz+dTXYzxXXbsFpM86Wh3dKCxrQqUcVMxwU54orwlJjOpO3ao8L7j5lH+dWfTwgCwIuM9GQ2kvVotzYJMXTBZg==",
      "dev": true,
      "bin": {
        "tsc": "bin/tsc",
        "tsserver": "bin/tsserver"
      },
      "engines": {
        "node": ">=4.2.0"
      }
    }
  },
  "dependencies": {
    "@types/node": {
      "version": "8.10.66",
      "resolved": "https://registry.npmjs.org/@types/node/-/node-8.10.66.tgz",
      "integrity": "sha512-tktOkFUA4kXx2hhhrB8bIFb5TbwzS4uOhKEmwiD+NoiL0qtP2OQ9mFldbgD4dV1djrlBYP6eBuQZiWjuHUpqFw==",
      "dev": true
    },
    "@types/vscode": {
      "version": "1.74.0",
      "resolved": "https://registry.npmjs.org/@types/vscode/-/vscode-1.74.0.tgz",
      "integrity": "sha512-LyeCIU3jb9d38w0MXFwta9r0Jx23ugujkAxdwLTNCyspdZTKUc43t7ppPbCiPoQ/Ivd/pnDFZrb4hWd45wrsgA==",
      "dev": true
    },
    "typescript": {
      "version": "4.9.4",
      "resolved": "https://registry.npmjs.org/typescript/-/typescript-4.9.4.tgz",
      "integrity": "sha512-Uz+dTXYzxXXbsFpM86Wh3dKCxrQqUcVMxwU54orwlJjOpO3ao8L7j5lH+dWfTwgCwIuM9GQ2kvVotzYJMXTBZg==",
      "dev": true
    }
  }
}
